Microsoft Visual Studio Solution File, Format Version 12.00
# Visual Studio Version 17
VisualStudioVersion = 17.5.2.0
MinimumVisualStudioVersion = 10.0.40219.1
Project("{FAE04EC0-301F-11D3-BF4B-00C04F79EFBC}") = "old-protocols-new-tricks", "old-protocols-new-tricks.csproj", "{CC912DD6-D57E-196B-C706-039D62CCAC59}"
EndProject
Global
	GlobalSection(SolutionConfigurationPlatforms) = preSolution
		Debug|Any CPU = Debug|Any CPU
		Release|Any CPU = Release|Any CPU
	EndGlobalSection
	GlobalSection(ProjectConfigurationPlatforms) = postSolution
		{CC912DD6-D57E-196B-C706-039D62CCAC59}.Debug|Any CPU.ActiveCfg = Debug|Any CPU
		{CC912DD6-D57E-196B-C706-039D62CCAC59}.Debug|Any CPU.Build.0 = Debug|Any CPU
		{CC912DD6-D57E-196B-C706-039D62CCAC59}.Release|Any CPU.ActiveCfg = Release|Any CPU
		{CC912DD6-D57E-196B-C706-039D62CCAC59}.Release|Any CPU.Build.0 = Release|Any CPU
	EndGlobalSection
	GlobalSection(SolutionProperties) = preSolution
		HideSolutionNode = FALSE
	EndGlobalSection
	GlobalSection(ExtensibilityGlobals) = postSolution
		SolutionGuid = {E78C540B-CB9C-474B-96AA-7A56A5111820}
	EndGlobalSection
EndGlobal
